
Microsoft Visual Studio Solution File, Format Version 12.00
# Visual Studio Version 16
VisualStudioVersion = 16.0.29519.181
MinimumVisualStudioVersion = 10.0.40219.1
Project("{FAE04EC0-301F-11D3-BF4B-00C04F79EFBC}") = "JocRobot", "JocRobot\JocRobot.csproj", "{841908AA-5BC1-47CF-B1B7-DA6F6872372D}"
EndProject
Global
	GlobalSection(SolutionConfigurationPlatforms) = preSolution
		Debug|Any CPU = Debug|Any CPU
		Release|Any CPU = Release|Any CPU
	EndGlobalSection
	GlobalSection(ProjectConfigurationPlatforms) = postSolution
		{841908AA-5BC1-47CF-B1B7-DA6F6872372D}.Debug|Any CPU.ActiveCfg = Debug|Any CPU
		{841908AA-5BC1-47CF-B1B7-DA6F6872372D}.Debug|Any CPU.Build.0 = Debug|Any CPU
		{841908AA-5BC1-47CF-B1B7-DA6F6872372D}.Release|Any CPU.ActiveCfg = Release|Any CPU
		{841908AA-5BC1-47CF-B1B7-DA6F6872372D}.Release|Any CPU.Build.0 = Release|Any CPU
	EndGlobalSection
	GlobalSection(SolutionProperties) = preSolution
		HideSolutionNode = FALSE
	EndGlobalSection
	GlobalSection(ExtensibilityGlobals) = postSolution
		SolutionGuid = {79D71B1B-07D9-401D-AEA7-07BCB09F9398}
	EndGlobalSection
EndGlobal
